{
  "name": "admin-dashboard",
  "lockfileVersion": 2,
  "requires": true,
  "packages": {
    "": {
      "dependencies": {
        "simplebar": "^6.2.2"
      }
    },
    "node_modules/can-use-dom": {
      "version": "0.1.0",
      "resolved": "https://registry.npmjs.org/can-use-dom/-/can-use-dom-0.1.0.tgz",
      "integrity": "sha512-ceOhN1DL7Y4O6M0j9ICgmTYziV89WMd96SvSl0REd8PMgrY0B/WBOPoed5S1KUmJqXgUXh8gzSe6E3ae27upsQ=="
    },
    "node_modules/lodash": {
      "version": "4.17.21",
      "resolved": "https://registry.npmjs.org/lodash/-/lodash-4.17.21.tgz",
      "integrity": "sha512-v2kDEe57lecTulaDIuNTPy3Ry4gLGJ6Z1O3vE1krgXZNrsQ+LFTGHVxVjcXPs17LhbZVGedAJv8XZ1tvj5FvSg=="
    },
    "node_modules/lodash-es": {
      "version": "4.17.21",
      "resolved": "https://registry.npmjs.org/lodash-es/-/lodash-es-4.17.21.tgz",
      "integrity": "sha512-mKnC+QJ9pWVzv+C4/U3rRsHapFfHvQFoFB92e52xeyGMcX6/OlIl78je1u8vePzYZSkkogMPJ2yjxxsb89cxyw=="
    },
    "node_modules/simplebar": {
      "version": "6.2.2",
      "resolved": "https://registry.npmjs.org/simplebar/-/simplebar-6.2.2.tgz",
      "integrity": "sha512-vmAU5kpgKqJcbL6yCtBrEd0QexEk/GAfRVVwYipa9pNtOkLz+Z9B8ds0Oh6J4RlF0dGS/ucHTjgf0ozk/Tp8UQ==",
      "dependencies": {
        "can-use-dom": "^0.1.0",
        "simplebar-core": "^1.2.2"
      }
    },
    "node_modules/simplebar-core": {
      "version": "1.2.2",
      "resolved": "https://registry.npmjs.org/simplebar-core/-/simplebar-core-1.2.2.tgz",
      "integrity": "sha512-uVNCnLtZRHgzBd5Tg23hGA5LX2NBt15xPQ3UhPUbPRnSx3rEYuWLK3iEnkR8Yxkcp/Kf/Vu/PJTEaiaJ3T0gTw==",
      "dependencies": {
        "can-use-dom": "^0.1.0",
        "lodash": "^4.17.21",
        "lodash-es": "^4.17.21"
      }
    }
  },
  "dependencies": {
    "can-use-dom": {
      "version": "0.1.0",
      "resolved": "https://registry.npmjs.org/can-use-dom/-/can-use-dom-0.1.0.tgz",
      "integrity": "sha512-ceOhN1DL7Y4O6M0j9ICgmTYziV89WMd96SvSl0REd8PMgrY0B/WBOPoed5S1KUmJqXgUXh8gzSe6E3ae27upsQ=="
    },
    "lodash": {
      "version": "4.17.21",
      "resolved": "https://registry.npmjs.org/lodash/-/lodash-4.17.21.tgz",
      "integrity": "sha512-v2kDEe57lecTulaDIuNTPy3Ry4gLGJ6Z1O3vE1krgXZNrsQ+LFTGHVxVjcXPs17LhbZVGedAJv8XZ1tvj5FvSg=="
    },
    "lodash-es": {
      "version": "4.17.21",
      "resolved": "https://registry.npmjs.org/lodash-es/-/lodash-es-4.17.21.tgz",
      "integrity": "sha512-mKnC+QJ9pWVzv+C4/U3rRsHapFfHvQFoFB92e52xeyGMcX6/OlIl78je1u8vePzYZSkkogMPJ2yjxxsb89cxyw=="
    },
    "simplebar": {
      "version": "6.2.2",
      "resolved": "https://registry.npmjs.org/simplebar/-/simplebar-6.2.2.tgz",
      "integrity": "sha512-vmAU5kpgKqJcbL6yCtBrEd0QexEk/GAfRVVwYipa9pNtOkLz+Z9B8ds0Oh6J4RlF0dGS/ucHTjgf0ozk/Tp8UQ==",
      "requires": {
        "can-use-dom": "^0.1.0",
        "simplebar-core": "^1.2.2"
      }
    },
    "simplebar-core": {
      "version": "1.2.2",
      "resolved": "https://registry.npmjs.org/simplebar-core/-/simplebar-core-1.2.2.tgz",
      "integrity": "sha512-uVNCnLtZRHgzBd5Tg23hGA5LX2NBt15xPQ3UhPUbPRnSx3rEYuWLK3iEnkR8Yxkcp/Kf/Vu/PJTEaiaJ3T0gTw==",
      "requires": {
        "can-use-dom": "^0.1.0",
        "lodash": "^4.17.21",
        "lodash-es": "^4.17.21"
      }
    }
  }
}
